<?xml version="1.0" encoding="utf-8"?>
<Project ToolsVersion="4.0" xmlns="http://schemas.microsoft.com/developer/msbuild/2003">
  <ItemGroup>
    <Filter Include="Source Files">
      <UniqueIdentifier>{88638a0d-f9e1-4dc7-acc5-392be32340dc}</UniqueIdentifier>
      <Extensions>cpp;c;cxx;rc;def;r;odl;idl;hpj;bat</Extensions>
    </Filter>
    <Filter Include="Header Files">
      <UniqueIdentifier>{b4ba2989-4e05-461b-9ff5-5c6ba8343f3a}</UniqueIdentifier>
      <Extensions>h;hpp;hxx;hm;inl</Extensions>
    </Filter>
    <Filter Include="Resource Files">
      <UniqueIdentifier>{6df77394-2556-40f2-abaa-0ad649be9a8a}</UniqueIdentifier>
      <Extensions>ico;cur;bmp;dlg;rc2;rct;bin;rgs;gif;jpg;jpeg;jpe</Extensions>
    </Filter>
  </ItemGroup>
  <ItemGroup>
    <ClCompile Include="all_CCalc.cpp">
      <Filter>Source Files</Filter>
    </ClCompile>
    <ClCompile Include="all_excel.cpp">
      <Filter>Source Files</Filter>
    </ClCompile>
    <ClCompile Include="ButtonChem.cpp">
      <Filter>Source Files</Filter>
    </ClCompile>
    <ClCompile Include="ChildFrm.cpp">
      <Filter>Source Files</Filter>
    </ClCompile>
    <ClCompile Include="FieldInput.cpp">
      <Filter>Source Files</Filter>
    </ClCompile>
    <ClCompile Include="FrameOutput.cpp">
      <Filter>Source Files</Filter>
    </ClCompile>
    <ClCompile Include="MainFrm.cpp">
      <Filter>Source Files</Filter>
    </ClCompile>
    <ClCompile Include="PropertyPageChem.cpp">
      <Filter>Source Files</Filter>
    </ClCompile>
    <ClCompile Include="PropertySheetChem.cpp">
      <Filter>Source Files</Filter>
    </ClCompile>
    <ClCompile Include="StaticChem.cpp">
      <Filter>Source Files</Filter>
    </ClCompile>
    <ClCompile Include="ThermoCalc.cpp">
      <Filter>Source Files</Filter>
    </ClCompile>
    <ClCompile Include="ThermoCalcDoc.cpp">
      <Filter>Source Files</Filter>
    </ClCompile>
    <ClCompile Include="ThermoCalcView.cpp">
      <Filter>Source Files</Filter>
    </ClCompile>
    <ClCompile Include="ViewOutput.cpp">
      <Filter>Source Files</Filter>
    </ClCompile>
    <ClCompile Include="Calc.cpp">
      <Filter>Source Files</Filter>
    </ClCompile>
    <ClCompile Include="DlgEmptyDoc.cpp">
      <Filter>Source Files</Filter>
    </ClCompile>
    <ClCompile Include="StdAfx.cpp">
      <Filter>Source Files</Filter>
    </ClCompile>
  </ItemGroup>
  <ItemGroup>
    <ClInclude Include="all_CCalc.h">
      <Filter>Header Files</Filter>
    </ClInclude>
    <ClInclude Include="all_excel.h">
      <Filter>Header Files</Filter>
    </ClInclude>
    <ClInclude Include="ButtonChem.h">
      <Filter>Header Files</Filter>
    </ClInclude>
    <ClInclude Include="ChildFrm.h">
      <Filter>Header Files</Filter>
    </ClInclude>
    <ClInclude Include="FieldInput.h">
      <Filter>Header Files</Filter>
    </ClInclude>
    <ClInclude Include="FrameOutput.h">
      <Filter>Header Files</Filter>
    </ClInclude>
    <ClInclude Include="MainFrm.h">
      <Filter>Header Files</Filter>
    </ClInclude>
    <ClInclude Include="PropertyPageChem.h">
      <Filter>Header Files</Filter>
    </ClInclude>
    <ClInclude Include="PropertySheetChem.h">
      <Filter>Header Files</Filter>
    </ClInclude>
    <ClInclude Include="Resource.h">
      <Filter>Header Files</Filter>
    </ClInclude>
    <ClInclude Include="StaticChem.h">
      <Filter>Header Files</Filter>
    </ClInclude>
    <ClInclude Include="ThermoCalc.h">
      <Filter>Header Files</Filter>
    </ClInclude>
    <ClInclude Include="ThermoCalcDoc.h">
      <Filter>Header Files</Filter>
    </ClInclude>
    <ClInclude Include="ThermoCalcView.h">
      <Filter>Header Files</Filter>
    </ClInclude>
    <ClInclude Include="ViewOutput.h">
      <Filter>Header Files</Filter>
    </ClInclude>
    <ClInclude Include="..\..\Program Files\Microsoft Visual Studio\VC98\Include\BASETSD.H">
      <Filter>Header Files</Filter>
    </ClInclude>
    <ClInclude Include="Calc.h">
      <Filter>Header Files</Filter>
    </ClInclude>
    <ClInclude Include="DlgEmptyDoc.h">
      <Filter>Header Files</Filter>
    </ClInclude>
    <ClInclude Include="StdAfx.h">
      <Filter>Header Files</Filter>
    </ClInclude>
    <ClInclude Include="Table.h">
      <Filter>Header Files</Filter>
    </ClInclude>
  </ItemGroup>
  <ItemGroup>
    <Image Include="res\icon1.ico">
      <Filter>Resource Files</Filter>
    </Image>
    <Image Include="res\idr_outp.ico">
      <Filter>Resource Files</Filter>
    </Image>
    <Image Include="res\ThermoCalc.ico">
      <Filter>Resource Files</Filter>
    </Image>
    <Image Include="res\ThermoCalcDoc.ico">
      <Filter>Resource Files</Filter>
    </Image>
  </ItemGroup>
  <ItemGroup>
    <ResourceCompile Include="ThermoCalc.rc">
      <Filter>Resource Files</Filter>
    </ResourceCompile>
  </ItemGroup>
  <ItemGroup>
    <None Include="res\ThermoCalc.rc2">
      <Filter>Resource Files</Filter>
    </None>
  </ItemGroup>
</Project>